
Microsoft Visual Studio Solution File, Format Version 12.00
# Visual Studio Version 17
VisualStudioVersion = 17.9.34723.18
MinimumVisualStudioVersion = 10.0.40219.1
Project("{FAE04EC0-301F-11D3-BF4B-00C04F79EFBC}") = "SmartTicket.comV1", "SmartTicket.comV1\SmartTicket.comV1.csproj", "{EC9F415F-E2D8-42D2-8E43-2A05FF8D4942}"
EndProject
Global
	GlobalSection(SolutionConfigurationPlatforms) = preSolution
		Debug|Any CPU = Debug|Any CPU
		Release|Any CPU = Release|Any CPU
	EndGlobalSection
	GlobalSection(ProjectConfigurationPlatforms) = postSolution
		{EC9F415F-E2D8-42D2-8E43-2A05FF8D4942}.Debug|Any CPU.ActiveCfg = Debug|Any CPU
		{EC9F415F-E2D8-42D2-8E43-2A05FF8D4942}.Debug|Any CPU.Build.0 = Debug|Any CPU
		{EC9F415F-E2D8-42D2-8E43-2A05FF8D4942}.Release|Any CPU.ActiveCfg = Release|Any CPU
		{EC9F415F-E2D8-42D2-8E43-2A05FF8D4942}.Release|Any CPU.Build.0 = Release|Any CPU
	EndGlobalSection
	GlobalSection(SolutionProperties) = preSolution
		HideSolutionNode = FALSE
	EndGlobalSection
	GlobalSection(ExtensibilityGlobals) = postSolution
		SolutionGuid = {373872D6-6CA8-41F6-AED7-00A8AF81EE34}
	EndGlobalSection
EndGlobal
